
Microsoft Visual Studio Solution File, Format Version 12.00
# Visual Studio Version 17
VisualStudioVersion = 17.0.31903.59
MinimumVisualStudioVersion = 10.0.40219.1
Project("{FAE04EC0-301F-11D3-BF4B-00C04F79EFBC}") = "SmartTasks.Client", "SmartTasks.Client\SmartTasks.Client.csproj", "{355760E2-F649-4CBD-B7DC-CD5397E0D1E7}"
EndProject
Project("{FAE04EC0-301F-11D3-BF4B-00C04F79EFBC}") = "SmartTasks.Server", "SmartTasks.Server\SmartTasks.Server.csproj", "{C3944C8B-8E52-41BA-A99F-306F8A6BB43C}"
EndProject
Project("{FAE04EC0-301F-11D3-BF4B-00C04F79EFBC}") = "SmartTasks.Shared", "SmartTasks.Shared\SmartTasks.Shared.csproj", "{71BE734C-28B9-4E06-AFE4-7D1C8463B1CF}"
EndProject
Global
	GlobalSection(SolutionConfigurationPlatforms) = preSolution
		Debug|Any CPU = Debug|Any CPU
		Debug|x64 = Debug|x64
		Debug|x86 = Debug|x86
		Release|Any CPU = Release|Any CPU
		Release|x64 = Release|x64
		Release|x86 = Release|x86
	EndGlobalSection
	GlobalSection(ProjectConfigurationPlatforms) = postSolution
		{355760E2-F649-4CBD-B7DC-CD5397E0D1E7}.Debug|Any CPU.ActiveCfg = Debug|Any CPU
		{355760E2-F649-4CBD-B7DC-CD5397E0D1E7}.Debug|Any CPU.Build.0 = Debug|Any CPU
		{355760E2-F649-4CBD-B7DC-CD5397E0D1E7}.Debug|x64.ActiveCfg = Debug|Any CPU
		{355760E2-F649-4CBD-B7DC-CD5397E0D1E7}.Debug|x64.Build.0 = Debug|Any CPU
		{355760E2-F649-4CBD-B7DC-CD5397E0D1E7}.Debug|x86.ActiveCfg = Debug|Any CPU
		{355760E2-F649-4CBD-B7DC-CD5397E0D1E7}.Debug|x86.Build.0 = Debug|Any CPU
		{355760E2-F649-4CBD-B7DC-CD5397E0D1E7}.Release|Any CPU.ActiveCfg = Release|Any CPU
		{355760E2-F649-4CBD-B7DC-CD5397E0D1E7}.Release|Any CPU.Build.0 = Release|Any CPU
		{355760E2-F649-4CBD-B7DC-CD5397E0D1E7}.Release|x64.ActiveCfg = Release|Any CPU
		{355760E2-F649-4CBD-B7DC-CD5397E0D1E7}.Release|x64.Build.0 = Release|Any CPU
		{355760E2-F649-4CBD-B7DC-CD5397E0D1E7}.Release|x86.ActiveCfg = Release|Any CPU
		{355760E2-F649-4CBD-B7DC-CD5397E0D1E7}.Release|x86.Build.0 = Release|Any CPU
		{C3944C8B-8E52-41BA-A99F-306F8A6BB43C}.Debug|Any CPU.ActiveCfg = Debug|Any CPU
		{C3944C8B-8E52-41BA-A99F-306F8A6BB43C}.Debug|Any CPU.Build.0 = Debug|Any CPU
		{C3944C8B-8E52-41BA-A99F-306F8A6BB43C}.Debug|x64.ActiveCfg = Debug|Any CPU
		{C3944C8B-8E52-41BA-A99F-306F8A6BB43C}.Debug|x64.Build.0 = Debug|Any CPU
		{C3944C8B-8E52-41BA-A99F-306F8A6BB43C}.Debug|x86.ActiveCfg = Debug|Any CPU
		{C3944C8B-8E52-41BA-A99F-306F8A6BB43C}.Debug|x86.Build.0 = Debug|Any CPU
		{C3944C8B-8E52-41BA-A99F-306F8A6BB43C}.Release|Any CPU.ActiveCfg = Release|Any CPU
		{C3944C8B-8E52-41BA-A99F-306F8A6BB43C}.Release|Any CPU.Build.0 = Release|Any CPU
		{C3944C8B-8E52-41BA-A99F-306F8A6BB43C}.Release|x64.ActiveCfg = Release|Any CPU
		{C3944C8B-8E52-41BA-A99F-306F8A6BB43C}.Release|x64.Build.0 = Release|Any CPU
		{C3944C8B-8E52-41BA-A99F-306F8A6BB43C}.Release|x86.ActiveCfg = Release|Any CPU
		{C3944C8B-8E52-41BA-A99F-306F8A6BB43C}.Release|x86.Build.0 = Release|Any CPU
		{71BE734C-28B9-4E06-AFE4-7D1C8463B1CF}.Debug|Any CPU.ActiveCfg = Debug|Any CPU
		{71BE734C-28B9-4E06-AFE4-7D1C8463B1CF}.Debug|Any CPU.Build.0 = Debug|Any CPU
		{71BE734C-28B9-4E06-AFE4-7D1C8463B1CF}.Debug|x64.ActiveCfg = Debug|Any CPU
		{71BE734C-28B9-4E06-AFE4-7D1C8463B1CF}.Debug|x64.Build.0 = Debug|Any CPU
		{71BE734C-28B9-4E06-AFE4-7D1C8463B1CF}.Debug|x86.ActiveCfg = Debug|Any CPU
		{71BE734C-28B9-4E06-AFE4-7D1C8463B1CF}.Debug|x86.Build.0 = Debug|Any CPU
		{71BE734C-28B9-4E06-AFE4-7D1C8463B1CF}.Release|Any CPU.ActiveCfg = Release|Any CPU
		{71BE734C-28B9-4E06-AFE4-7D1C8463B1CF}.Release|Any CPU.Build.0 = Release|Any CPU
		{71BE734C-28B9-4E06-AFE4-7D1C8463B1CF}.Release|x64.ActiveCfg = Release|Any CPU
		{71BE734C-28B9-4E06-AFE4-7D1C8463B1CF}.Release|x64.Build.0 = Release|Any CPU
		{71BE734C-28B9-4E06-AFE4-7D1C8463B1CF}.Release|x86.ActiveCfg = Release|Any CPU
		{71BE734C-28B9-4E06-AFE4-7D1C8463B1CF}.Release|x86.Build.0 = Release|Any CPU
	EndGlobalSection
	GlobalSection(SolutionProperties) = preSolution
		HideSolutionNode = FALSE
	EndGlobalSection
EndGlobal
